
Microsoft Visual Studio Solution File, Format Version 12.00
Project("{FAE04EC0-301F-11D3-BF4B-00C04F79EFBC}") = "EcommerceOrderManagement", "src\EcommerceOrderManagement\EcommerceOrderManagement.csproj", "{FA4F19AB-0A27-49A9-BD53-BD0EE353BEEA}"
EndProject
Project("{FAE04EC0-301F-11D3-BF4B-00C04F79EFBC}") = "EcommerceOrderManagement.WebApi", "src\EcommerceOrderManagement.WebApi\EcommerceOrderManagement.WebApi.csproj", "{71FD16B1-E81C-4501-9FBF-A0161615BED6}"
EndProject
Project("{FAE04EC0-301F-11D3-BF4B-00C04F79EFBC}") = "EcommerceOrderManagement.Migrations", "src\EcommerceOrderManagement.Migrations\EcommerceOrderManagement.Migrations.csproj", "{71EF7C98-5A81-4383-91F9-3F39A0DE7805}"
EndProject
Project("{FAE04EC0-301F-11D3-BF4B-00C04F79EFBC}") = "EcommerceOrderManagement.EventConsumer", "src\EcommerceOrderManagement.EventConsumer\EcommerceOrderManagement.EventConsumer.csproj", "{49966B54-EF17-4793-9DCB-D3A50EBF5B94}"
EndProject
Project("{FAE04EC0-301F-11D3-BF4B-00C04F79EFBC}") = "EcommerceOrderManagement.Tests", "tests\EcommerceOrderManagement.Tests\EcommerceOrderManagement.Tests.csproj", "{AF8CB5DE-8CC4-4D46-95AD-D6B8FC48CD50}"
EndProject
Project("{2150E333-8FDC-42A3-9474-1A3956D46DE8}") = "tests", "tests", "{2D001EED-4C17-4820-AB8F-85EF200074E2}"
EndProject
Project("{FAE04EC0-301F-11D3-BF4B-00C04F79EFBC}") = "EcommerceOrderManagement.SchedulerWorker", "EcommerceOrderManagement.SchedulerWorker\EcommerceOrderManagement.SchedulerWorker.csproj", "{E47C581D-1779-46AC-8026-D91A2DA2A3F1}"
EndProject
Global
	GlobalSection(SolutionConfigurationPlatforms) = preSolution
		Debug|Any CPU = Debug|Any CPU
		Release|Any CPU = Release|Any CPU
	EndGlobalSection
	GlobalSection(ProjectConfigurationPlatforms) = postSolution
		{FA4F19AB-0A27-49A9-BD53-BD0EE353BEEA}.Debug|Any CPU.ActiveCfg = Debug|Any CPU
		{FA4F19AB-0A27-49A9-BD53-BD0EE353BEEA}.Debug|Any CPU.Build.0 = Debug|Any CPU
		{FA4F19AB-0A27-49A9-BD53-BD0EE353BEEA}.Release|Any CPU.ActiveCfg = Release|Any CPU
		{FA4F19AB-0A27-49A9-BD53-BD0EE353BEEA}.Release|Any CPU.Build.0 = Release|Any CPU
		{71FD16B1-E81C-4501-9FBF-A0161615BED6}.Debug|Any CPU.ActiveCfg = Debug|Any CPU
		{71FD16B1-E81C-4501-9FBF-A0161615BED6}.Debug|Any CPU.Build.0 = Debug|Any CPU
		{71FD16B1-E81C-4501-9FBF-A0161615BED6}.Release|Any CPU.ActiveCfg = Release|Any CPU
		{71FD16B1-E81C-4501-9FBF-A0161615BED6}.Release|Any CPU.Build.0 = Release|Any CPU
		{71EF7C98-5A81-4383-91F9-3F39A0DE7805}.Debug|Any CPU.ActiveCfg = Debug|Any CPU
		{71EF7C98-5A81-4383-91F9-3F39A0DE7805}.Debug|Any CPU.Build.0 = Debug|Any CPU
		{71EF7C98-5A81-4383-91F9-3F39A0DE7805}.Release|Any CPU.ActiveCfg = Release|Any CPU
		{71EF7C98-5A81-4383-91F9-3F39A0DE7805}.Release|Any CPU.Build.0 = Release|Any CPU
		{49966B54-EF17-4793-9DCB-D3A50EBF5B94}.Debug|Any CPU.ActiveCfg = Debug|Any CPU
		{49966B54-EF17-4793-9DCB-D3A50EBF5B94}.Debug|Any CPU.Build.0 = Debug|Any CPU
		{49966B54-EF17-4793-9DCB-D3A50EBF5B94}.Release|Any CPU.ActiveCfg = Release|Any CPU
		{49966B54-EF17-4793-9DCB-D3A50EBF5B94}.Release|Any CPU.Build.0 = Release|Any CPU
		{AF8CB5DE-8CC4-4D46-95AD-D6B8FC48CD50}.Debug|Any CPU.ActiveCfg = Debug|Any CPU
		{AF8CB5DE-8CC4-4D46-95AD-D6B8FC48CD50}.Debug|Any CPU.Build.0 = Debug|Any CPU
		{AF8CB5DE-8CC4-4D46-95AD-D6B8FC48CD50}.Release|Any CPU.ActiveCfg = Release|Any CPU
		{AF8CB5DE-8CC4-4D46-95AD-D6B8FC48CD50}.Release|Any CPU.Build.0 = Release|Any CPU
		{E47C581D-1779-46AC-8026-D91A2DA2A3F1}.Debug|Any CPU.ActiveCfg = Debug|Any CPU
		{E47C581D-1779-46AC-8026-D91A2DA2A3F1}.Debug|Any CPU.Build.0 = Debug|Any CPU
		{E47C581D-1779-46AC-8026-D91A2DA2A3F1}.Release|Any CPU.ActiveCfg = Release|Any CPU
		{E47C581D-1779-46AC-8026-D91A2DA2A3F1}.Release|Any CPU.Build.0 = Release|Any CPU
	EndGlobalSection
	GlobalSection(NestedProjects) = preSolution
		{AF8CB5DE-8CC4-4D46-95AD-D6B8FC48CD50} = {2D001EED-4C17-4820-AB8F-85EF200074E2}
	EndGlobalSection
EndGlobal
